# This file is automatically @generated by Poetry 1.7.1 and should not be changed by hand.

[[package]]
name = "adafruit-blinka"
version = "8.39.1"
description = "CircuitPython APIs for non-CircuitPython versions of Python such as CPython on Linux and MicroPython."
optional = false
python-versions = ">=3.7.0"
files = [
    {file = "Adafruit-Blinka-8.39.1.tar.gz", hash = "sha256:0db0b24345e77ec3815590fc987e946e12fda9effb18f8f15f2d150a64f53618"},
    {file = "Adafruit_Blinka-8.39.1-py3-none-any.whl", hash = "sha256:eb4bb91f31b13dc1caedbd2b60b260e4be6f848d5381ff514d2ce924bea1b0fa"},
]

[package.dependencies]
adafruit-circuitpython-typing = "*"
Adafruit-PlatformDetect = ">=3.62.0"
Adafruit-PureIO = ">=1.1.7"
pyftdi = ">=0.40.0"

[[package]]
name = "adafruit-circuitpython-busdevice"
version = "5.2.9"
description = "CircuitPython bus device classes to manage bus sharing."
optional = false
python-versions = "*"
files = [
    {file = "adafruit_circuitpython_busdevice-5.2.9-py3-none-any.whl", hash = "sha256:78245c551eb3795a4f3739f1adac0b08a65c9fb0f722e866de620482cbbac51f"},
    {file = "adafruit_circuitpython_busdevice-5.2.9.tar.gz", hash = "sha256:9f9c3df385091410dac5961918e475ec88faed7ff543ad6d74208f08c2566513"},
]

[package.dependencies]
Adafruit-Blinka = ">=7.0.0"
adafruit-circuitpython-typing = "*"

[[package]]
name = "adafruit-circuitpython-connectionmanager"
version = "3.1.0"
description = "A urllib3.poolmanager/urllib3.connectionpool-like library for managing sockets and connections"
optional = false
python-versions = "*"
files = [
    {file = "adafruit_circuitpython_connectionmanager-3.1.0-py3-none-any.whl", hash = "sha256:8dffd3e60d795e11c13f98795a45c42b568ea135953b2383c56a2fa6090512d3"},
    {file = "adafruit_circuitpython_connectionmanager-3.1.0.tar.gz", hash = "sha256:2a89f27e31be1b09dc221bffaa599baacd238a0bc369fe695c41be86c0d779a2"},
]

[package.dependencies]
Adafruit-Blinka = "*"

[[package]]
name = "adafruit-circuitpython-ht16k33"
version = "4.6.9"
description = "CircuitPython library for HT16K33 LED matrices and segment displays."
optional = false
python-versions = "*"
files = [
    {file = "adafruit-circuitpython-ht16k33-4.6.9.tar.gz", hash = "sha256:38531f11a2b9cba63b68abd9af11ec8d479c19bf5e380ad4f977c2bb20a410c5"},
    {file = "adafruit_circuitpython_ht16k33-4.6.9-py3-none-any.whl", hash = "sha256:2634f2d2b4823e023d778e9914f5bfe0189040c56f5da70d4c5ad10ac13f791e"},
]

[package.dependencies]
Adafruit-Blinka = "*"
adafruit-circuitpython-busdevice = "*"
adafruit-circuitpython-typing = ">=1.6,<2.0"

[package.extras]
optional = ["pillow"]

[[package]]
name = "adafruit-circuitpython-requests"
version = "4.0.0"
description = "A requests-like library for web interfacing"
optional = false
python-versions = "*"
files = [
    {file = "adafruit_circuitpython_requests-4.0.0-py3-none-any.whl", hash = "sha256:43fa8bd6dcc9a056d60987f5642391d0b2777becd24b19075473a098f6ecedcd"},
    {file = "adafruit_circuitpython_requests-4.0.0.tar.gz", hash = "sha256:789b70719c04c3963b4ddcb9d4ef469aa48d14d044e2680427df432ca2350d1b"},
]

[package.dependencies]
Adafruit-Blinka = "*"
Adafruit-Circuitpython-ConnectionManager = "*"

[package.extras]
optional = ["requests"]

[[package]]
name = "adafruit-circuitpython-typing"
version = "1.10.3"
description = "Types needed for type annotation that are not in `typing`"
optional = false
python-versions = ">=3.8"
files = [
    {file = "adafruit-circuitpython-typing-1.10.3.tar.gz", hash = "sha256:4c5c1eeb3ae8a3d2dfa75129654c73690fbdb576d9069542a6ea3355467e1e74"},
    {file = "adafruit_circuitpython_typing-1.10.3-py3-none-any.whl", hash = "sha256:4e23d6828deafa4dfd554fd7d3f06b8ff8e2cc554b9c7aecba9d778d45970c18"},
]

[package.dependencies]
Adafruit-Blinka = "*"
adafruit-circuitpython-busdevice = "*"
adafruit-circuitpython-requests = "*"
typing-extensions = ">=4.0,<5.0"

[[package]]
name = "adafruit-platformdetect"
version = "3.63.0"
description = "Platform detection for use by libraries like Adafruit-Blinka."
optional = false
python-versions = "*"
files = [
    {file = "Adafruit_PlatformDetect-3.63.0-py3-none-any.whl", hash = "sha256:a82a86072963179f6bd5723e070b2e1786cc26d82fe8d3e40ff524b449d10abe"},
    {file = "adafruit_platformdetect-3.63.0.tar.gz", hash = "sha256:6e7b5c3ff3f47a842c8c84107092edb17b0f712ca5295354a7e7ff442fd4e66e"},
]

[[package]]
name = "adafruit-pureio"
version = "1.1.11"
description = "Pure python (i.e. no native extensions) access to Linux IO    including I2C and SPI. Drop in replacement for smbus and spidev modules."
optional = false
python-versions = ">=3.5.0"
files = [
    {file = "Adafruit_PureIO-1.1.11-py3-none-any.whl", hash = "sha256:281ab2099372cc0decc26326918996cbf21b8eed694ec4764d51eefa029d324e"},
    {file = "Adafruit_PureIO-1.1.11.tar.gz", hash = "sha256:c4cfbb365731942d1f1092a116f47dfdae0aef18c5b27f1072b5824ad5ea8c7c"},
]

[[package]]
name = "board"
version = "1.0"
description = "Standard Board mechanism for Dojo tasks"
optional = false
python-versions = "*"
files = [
    {file = "board-1.0-py2.py3-none-any.whl", hash = "sha256:b97c986d0190a2a5181a7fe28959cd8515520b87f672796e21e1b0d32cc63e2f"},
    {file = "board-1.0.tar.gz", hash = "sha256:cd718c3322a126d86455e24ae0cebb59a567cbdbaf03696391dccf88c8f456d6"},
]

[[package]]
name = "cbor2"
version = "5.6.3"
description = "CBOR (de)serializer with extensive tag support"
optional = false
python-versions = ">=3.8"
files = [
    {file = "cbor2-5.6.3-cp310-cp310-macosx_10_9_x86_64.whl", hash = "sha256:0201d5e8d9ad1557aeb50d35b907c0f170de0ae9ebb484b2894bcee3b2e13b80"},
    {file = "cbor2-5.6.3-cp310-cp310-macosx_11_0_arm64.whl", hash = "sha256:eda6965cca276d4c2cebdbee14572dec65b991c5359fc32a793f03f052e35985"},
    {file = "cbor2-5.6.3-cp310-cp310-manylinux_2_17_aarch64.manylinux2014_aarch64.whl", hash = "sha256:14561038b8eaab3fd5e867f09bc43f7525a1405e41ade14066925ea3d42513a8"},
    {file = "cbor2-5.6.3-cp310-cp310-manylinux_2_17_x86_64.manylinux2014_x86_64.whl", hash = "sha256:9a3cf6b339a005031e4b8c79b9541856e3b0077ea4c33d7bb6a019885136f53a"},
    {file = "cbor2-5.6.3-cp310-cp310-musllinux_1_1_aarch64.whl", hash = "sha256:4b7636d39de203ee30ac13575ed3e9a0510e993fa1671022b84b9e35e369825f"},
    {file = "cbor2-5.6.3-cp310-cp310-musllinux_1_1_x86_64.whl", hash = "sha256:23847075ce1bcda871c7698e5db0635685995ae470098a5e4c9a26c00f65f21a"},
    {file = "cbor2-5.6.3-cp310-cp310-win_amd64.whl", hash = "sha256:ca15be7142e861fb9f918e0248620b4d4153b9ff14ef6034f7204db5db2924a1"},
    {file = "cbor2-5.6.3-cp311-cp311-macosx_10_9_x86_64.whl", hash = "sha256:b07ee755ae5b0dfad608dab37364b35895cab5d1222653da1fea32a10330c4b0"},
    {file = "cbor2-5.6.3-cp311-cp311-macosx_11_0_arm64.whl", hash = "sha256:9fc063843c14e9e95181faf8d807a53c958d77bb9d360eb4f2344d075ecfed36"},
    {file = "cbor2-5.6.3-cp311-cp311-manylinux_2_17_aarch64.manylinux2014_aarch64.whl", hash = "sha256:c66d4c227c2ed6c63ec5c2d50eb8ec0e1c41c07b452a867544e48ca41d4f0b64"},
    {file = "cbor2-5.6.3-cp311-cp311-manylinux_2_17_x86_64.manylinux2014_x86_64.whl", hash = "sha256:3af60ac82a733bfdfb2b1079c850fefea2621bdb8c8f87f4c5d12802d48a8c55"},
    {file = "cbor2-5.6.3-cp311-cp311-musllinux_1_1_aarch64.whl", hash = "sha256:acb93292843aa72768f089a135bfeec4c9b745132e8dc22f1b149490fc77cb0a"},
    {file = "cbor2-5.6.3-cp311-cp311-musllinux_1_1_x86_64.whl", hash = "sha256:193d1abdffd52893710d39389daa5c03e1569421cdf53585a28033689aef7aec"},
    {file = "cbor2-5.6.3-cp311-cp311-win_amd64.whl", hash = "sha256:d0c915db92b441f505f8a14a521c9461439ac8e5d959454845eb92f93db0bb3b"},
    {file = "cbor2-5.6.3-cp312-cp312-macosx_10_9_x86_64.whl", hash = "sha256:9eaec8c04618124a6b597fe4471035cb7cb0d5114f43aaf2062821ad480ef57c"},
    {file = "cbor2-5.6.3-cp312-cp312-macosx_11_0_arm64.whl", hash = "sha256:d1e5181d4f858237ab4e1a28e21bdcaf31dab2657ab60a8d4a0701a078fe5926"},
    {file = "cbor2-5.6.3-cp312-cp312-manylinux_2_17_aarch64.manylinux2014_aarch64.whl", hash = "sha256:277997127402710a3abdf4372ac75e8f8bb2e75a303cd789312e515c8ef657dd"},
    {file = "cbor2-5.6.3-cp312-cp312-manylinux_2_17_x86_64.manylinux2014_x86_64.whl", hash = "sha256:add01e4b4663199940d10f8c8e1d926e70823d1b2f3f981cc097a4764125f110"},
    {file = "cbor2-5.6.3-cp312-cp312-musllinux_1_1_aarch64.whl", hash = "sha256:adc87485ffd7a4dad481e08e6819eebfcfbafc0918fffcca47aee4cdf8c6de04"},
    {file = "cbor2-5.6.3-cp312-cp312-musllinux_1_1_x86_64.whl", hash = "sha256:ea4a0412426155c3b78763449db56cf5c72c48788a37d7e60bd66c844b9c8634"},
    {file = "cbor2-5.6.3-cp312-cp312-win_amd64.whl", hash = "sha256:18b3dee4eddde9761c60298ce21c0cd4e770237978034c5ee1d4242e255683ec"},
    {file = "cbor2-5.6.3-cp38-cp38-macosx_10_9_x86_64.whl", hash = "sha256:ff6fd1c54b97ee322c0b7180092305ca3b012ff78fddadad97b33490f5f8881f"},
    {file = "cbor2-5.6.3-cp38-cp38-macosx_11_0_arm64.whl", hash = "sha256:ac6f10b9d25f2d61c036f86238bf23e3ea0253f98faa8ab00f67228bf3c0ce2a"},
    {file = "cbor2-5.6.3-cp38-cp38-manylinux_2_17_aarch64.manylinux2014_aarch64.whl", hash = "sha256:7be74f2cbda547fdd57c83ee5b3470804f02c660db28efcf9d4016f001b66f40"},
    {file = "cbor2-5.6.3-cp38-cp38-manylinux_2_17_x86_64.manylinux2014_x86_64.whl", hash = "sha256:64ea120206f82492a4385bbc5e2639f9b67c8bc7bdc57bffcbe9a8fee8cd6342"},
    {file = "cbor2-5.6.3-cp38-cp38-musllinux_1_1_aarch64.whl", hash = "sha256:c3d2902e1aed155d56cdcae99cd4a9dae843e3fff6978148d2d5d5f9a0b986cd"},
    {file = "cbor2-5.6.3-cp38-cp38-musllinux_1_1_x86_64.whl", hash = "sha256:2d4f95a567e26d8d9d62db234cd089525c52f19e7fdd59152629d9f03bd94b4f"},
    {file = "cbor2-5.6.3-cp38-cp38-win_amd64.whl", hash = "sha256:33efbe7103bac090430d291fca2fe1c444b0ec55c4716e8051b72a81377e8b79"},
    {file = "cbor2-5.6.3-cp39-cp39-macosx_10_9_x86_64.whl", hash = "sha256:81e619a2a59ae966cedb5fd3ea8a9487a3d4430824bbeacdcf5f74ad6112cc57"},
    {file = "cbor2-5.6.3-cp39-cp39-macosx_11_0_arm64.whl", hash = "sha256:2b7755b93d32638f4d79a0fa0744b423787f6faa3c96ccccac68b6dbf1848368"},
    {file = "cbor2-5.6.3-cp39-cp39-manylinux_2_17_aarch64.manylinux2014_aarch64.whl", hash = "sha256:0f0e95011ae8460265ef348fe380664fa22c51015fd52344ebd781579fa9552a"},
    {file = "cbor2-5.6.3-cp39-cp39-manylinux_2_17_x86_64.manylinux2014_x86_64.whl", hash = "sha256:7693e53c3ba0b2ad4e46b610f8d69159ffdbcb6ebe75ea1c1f5f40c3283639ca"},
    {file = "cbor2-5.6.3-cp39-cp39-musllinux_1_1_aarch64.whl", hash = "sha256:e3ec251db32516d383fc587874b15f4b5fb4e9049d9436b8696f5767b11c149b"},
    {file = "cbor2-5.6.3-cp39-cp39-musllinux_1_1_x86_64.whl", hash = "sha256:6081c1ab9791d5973a40b95ecb8b04b0fbf9fc04be170d89a3ad77d5964f52d5"},
    {file = "cbor2-5.6.3-cp39-cp39-win_amd64.whl", hash = "sha256:2aba8b75e36c9f84a42a7026271da8fd759035a871c1b799028439059527276b"},
    {file = "cbor2-5.6.3-py3-none-any.whl", hash = "sha256:8a4b7404af6da719092a4ee5953d1930d095b93b684bf99e1ab74512be1910a4"},
    {file = "cbor2-5.6.3.tar.gz", hash = "sha256:e6f0ae2751c2d333a960e0807c0611494eb1245631a167965acbc100509455d3"},
]

[package.extras]
benchmarks = ["pytest-benchmark (==4.0.0)"]
doc = ["Sphinx (>=7)", "packaging", "sphinx-autodoc-typehints (>=1.2.0)", "sphinx-rtd-theme (>=1.3.0)", "typing-extensions"]
test = ["coverage (>=7)", "hypothesis", "pytest"]

[[package]]
name = "dht11"
version = "0.1.0"
description = "Pure Python library for reading DHT11 sensor on Raspberry Pi"
optional = false
python-versions = ">=3.6"
files = [
    {file = "dht11-0.1.0-py3-none-any.whl", hash = "sha256:69d1314322d409a0de7eff6df2896e98ae8f8274a597416e75dd1e7e2c2d23d9"},
    {file = "dht11-0.1.0.tar.gz", hash = "sha256:148de58f2555ca05b85b0b3fadb2fcf8070ec7195daade4cb355685265a933c2"},
]

[package.dependencies]
"RPi.GPIO" = "*"

[[package]]
name = "luma-core"
version = "2.4.2"
description = "A component library to support SBC display drivers"
optional = false
python-versions = "<4,>=3.7"
files = [
    {file = "luma.core-2.4.2-py2.py3-none-any.whl", hash = "sha256:5eccbbdfde4b8cd9113d1bd355be6a29041c0b2e7f56e1873a4eed356e9fc582"},
    {file = "luma.core-2.4.2.tar.gz", hash = "sha256:963c264164d4374f549d57db09599e0ca458cea1bd05e16939897619be4e6dbd"},
]

[package.dependencies]
cbor2 = "*"
pillow = ">=9.2.0"
pyftdi = "*"
"RPI.GPIO" = {version = "*", markers = "platform_system == \"Linux\""}
smbus2 = "*"
spidev = {version = "*", markers = "platform_system == \"Linux\""}

[package.extras]
docs = ["sphinx (>=1.5.1)", "sphinx-rtd-theme"]
qa = ["flake8", "rstcheck"]
test = ["pytest", "pytest-cov", "pytest-timeout", "pytest-watch"]

[[package]]
name = "luma-led-matrix"
version = "1.7.1"
description = "A library to drive a MAX7219 LED serializer (using SPI) and WS2812 NeoPixels (using DMA)"
optional = false
python-versions = "<4,>=3.7"
files = [
    {file = "luma.led_matrix-1.7.1-py2.py3-none-any.whl", hash = "sha256:ab822fc8849dc814933ab97934f176a899923dbb711f019671606506f3ccd6fb"},
    {file = "luma.led_matrix-1.7.1.tar.gz", hash = "sha256:be47d0116653adaa3f36b118f2bc02c4415914141fb5712fe601d75b9bbc79a4"},
]

[package.dependencies]
"luma.core" = ">=2.4.0"
rpi-ws281x = {version = "*", markers = "platform_machine == \"armv7l\" and platform_system == \"Linux\""}

[package.extras]
docs = ["sphinx (>=1.5.1)", "sphinx-rtd-theme"]
qa = ["flake8", "rstcheck"]
test = ["pytest", "pytest-cov", "pytest-timeout"]

[[package]]
name = "pillow"
version = "10.3.0"
description = "Python Imaging Library (Fork)"
optional = false
python-versions = ">=3.8"
files = [
    {file = "pillow-10.3.0-cp310-cp310-macosx_10_10_x86_64.whl", hash = "sha256:90b9e29824800e90c84e4022dd5cc16eb2d9605ee13f05d47641eb183cd73d45"},
    {file = "pillow-10.3.0-cp310-cp310-macosx_11_0_arm64.whl", hash = "sha256:a2c405445c79c3f5a124573a051062300936b0281fee57637e706453e452746c"},
    {file = "pillow-10.3.0-cp310-cp310-manylinux_2_17_aarch64.manylinux2014_aarch64.whl", hash = "sha256:78618cdbccaa74d3f88d0ad6cb8ac3007f1a6fa5c6f19af64b55ca170bfa1edf"},
    {file = "pillow-10.3.0-cp310-cp310-manylinux_2_17_x86_64.manylinux2014_x86_64.whl", hash = "sha256:261ddb7ca91fcf71757979534fb4c128448b5b4c55cb6152d280312062f69599"},
    {file = "pillow-10.3.0-cp310-cp310-manylinux_2_28_aarch64.whl", hash = "sha256:ce49c67f4ea0609933d01c0731b34b8695a7a748d6c8d186f95e7d085d2fe475"},
    {file = "pillow-10.3.0-cp310-cp310-manylinux_2_28_x86_64.whl", hash = "sha256:b14f16f94cbc61215115b9b1236f9c18403c15dd3c52cf629072afa9d54c1cbf"},
    {file = "pillow-10.3.0-cp310-cp310-musllinux_1_1_aarch64.whl", hash = "sha256:d33891be6df59d93df4d846640f0e46f1a807339f09e79a8040bc887bdcd7ed3"},
    {file = "pillow-10.3.0-cp310-cp310-musllinux_1_1_x86_64.whl", hash = "sha256:b50811d664d392f02f7761621303eba9d1b056fb1868c8cdf4231279645c25f5"},
    {file = "pillow-10.3.0-cp310-cp310-win32.whl", hash = "sha256:ca2870d5d10d8726a27396d3ca4cf7976cec0f3cb706debe88e3a5bd4610f7d2"},
    {file = "pillow-10.3.0-cp310-cp310-win_amd64.whl", hash = "sha256:f0d0591a0aeaefdaf9a5e545e7485f89910c977087e7de2b6c388aec32011e9f"},
    {file = "pillow-10.3.0-cp310-cp310-win_arm64.whl", hash = "sha256:ccce24b7ad89adb5a1e34a6ba96ac2530046763912806ad4c247356a8f33a67b"},
    {file = "pillow-10.3.0-cp311-cp311-macosx_10_10_x86_64.whl", hash = "sha256:5f77cf66e96ae734717d341c145c5949c63180842a545c47a0ce7ae52ca83795"},
    {file = "pillow-10.3.0-cp311-cp311-macosx_11_0_arm64.whl", hash = "sha256:e4b878386c4bf293578b48fc570b84ecfe477d3b77ba39a6e87150af77f40c57"},
    {file = "pillow-10.3.0-cp311-cp311-manylinux_2_17_aarch64.manylinux2014_aarch64.whl", hash = "sha256:fdcbb4068117dfd9ce0138d068ac512843c52295ed996ae6dd1faf537b6dbc27"},
    {file = "pillow-10.3.0-cp311-cp311-manylinux_2_17_x86_64.manylinux2014_x86_64.whl", hash = "sha256:9797a6c8fe16f25749b371c02e2ade0efb51155e767a971c61734b1bf6293994"},
    {file = "pillow-10.3.0-cp311-cp311-manylinux_2_28_aarch64.whl", hash = "sha256:9e91179a242bbc99be65e139e30690e081fe6cb91a8e77faf4c409653de39451"},
    {file = "pillow-10.3.0-cp311-cp311-manylinux_2_28_x86_64.whl", hash = "sha256:1b87bd9d81d179bd8ab871603bd80d8645729939f90b71e62914e816a76fc6bd"},
    {file = "pillow-10.3.0-cp311-cp311-musllinux_1_1_aarch64.whl", hash = "sha256:81d09caa7b27ef4e61cb7d8fbf1714f5aec1c6b6c5270ee53504981e6e9121ad"},
    {file = "pillow-10.3.0-cp311-cp311-musllinux_1_1_x86_64.whl", hash = "sha256:048ad577748b9fa4a99a0548c64f2cb8d672d5bf2e643a739ac8faff1164238c"},
    {file = "pillow-10.3.0-cp311-cp311-win32.whl", hash = "sha256:7161ec49ef0800947dc5570f86568a7bb36fa97dd09e9827dc02b718c5643f09"},
    {file = "pillow-10.3.0-cp311-cp311-win_amd64.whl", hash = "sha256:8eb0908e954d093b02a543dc963984d6e99ad2b5e36503d8a0aaf040505f747d"},
    {file = "pillow-10.3.0-cp311-cp311-win_arm64.whl", hash = "sha256:4e6f7d1c414191c1199f8996d3f2282b9ebea0945693fb67392c75a3a320941f"},
    {file = "pillow-10.3.0-cp312-cp312-macosx_10_10_x86_64.whl", hash = "sha256:e46f38133e5a060d46bd630faa4d9fa0202377495df1f068a8299fd78c84de84"},
    {file = "pillow-10.3.0-cp312-cp312-macosx_11_0_arm64.whl", hash = "sha256:50b8eae8f7334ec826d6eeffaeeb00e36b5e24aa0b9df322c247539714c6df19"},
    {file = "pillow-10.3.0-cp312-cp312-manylinux_2_17_aarch64.manylinux2014_aarch64.whl", hash = "sha256:9d3bea1c75f8c53ee4d505c3e67d8c158ad4df0d83170605b50b64025917f338"},
    {file = "pillow-10.3.0-cp312-cp312-manylinux_2_17_x86_64.manylinux2014_x86_64.whl", hash = "sha256:19aeb96d43902f0a783946a0a87dbdad5c84c936025b8419da0a0cd7724356b1"},
    {file = "pillow-10.3.0-cp312-cp312-manylinux_2_28_aarch64.whl", hash = "sha256:74d28c17412d9caa1066f7a31df8403ec23d5268ba46cd0ad2c50fb82ae40462"},
    {file = "pillow-10.3.0-cp312-cp312-manylinux_2_28_x86_64.whl", hash = "sha256:ff61bfd9253c3915e6d41c651d5f962da23eda633cf02262990094a18a55371a"},
    {file = "pillow-10.3.0-cp312-cp312-musllinux_1_1_aarch64.whl", hash = "sha256:d886f5d353333b4771d21267c7ecc75b710f1a73d72d03ca06df49b09015a9ef"},
    {file = "pillow-10.3.0-cp312-cp312-musllinux_1_1_x86_64.whl", hash = "sha256:4b5ec25d8b17217d635f8935dbc1b9aa5907962fae29dff220f2659487891cd3"},
    {file = "pillow-10.3.0-cp312-cp312-win32.whl", hash = "sha256:51243f1ed5161b9945011a7360e997729776f6e5d7005ba0c6879267d4c5139d"},
    {file = "pillow-10.3.0-cp312-cp312-win_amd64.whl", hash = "sha256:412444afb8c4c7a6cc11a47dade32982439925537e483be7c0ae0cf96c4f6a0b"},
    {file = "pillow-10.3.0-cp312-cp312-win_arm64.whl", hash = "sha256:798232c92e7665fe82ac085f9d8e8ca98826f8e27859d9a96b41d519ecd2e49a"},
    {file = "pillow-10.3.0-cp38-cp38-macosx_10_10_x86_64.whl", hash = "sha256:4eaa22f0d22b1a7e93ff0a596d57fdede2e550aecffb5a1ef1106aaece48e96b"},
    {file = "pillow-10.3.0-cp38-cp38-macosx_11_0_arm64.whl", hash = "sha256:cd5e14fbf22a87321b24c88669aad3a51ec052eb145315b3da3b7e3cc105b9a2"},
    {file = "pillow-10.3.0-cp38-cp38-manylinux_2_17_aarch64.manylinux2014_aarch64.whl", hash = "sha256:1530e8f3a4b965eb6a7785cf17a426c779333eb62c9a7d1bbcf3ffd5bf77a4aa"},
    {file = "pillow-10.3.0-cp38-cp38-manylinux_2_17_x86_64.manylinux2014_x86_64.whl", hash = "sha256:5d512aafa1d32efa014fa041d38868fda85028e3f930a96f85d49c7d8ddc0383"},
    {file = "pillow-10.3.0-cp38-cp38-manylinux_2_28_aarch64.whl", hash = "sha256:339894035d0ede518b16073bdc2feef4c991ee991a29774b33e515f1d308e08d"},
    {file = "pillow-10.3.0-cp38-cp38-manylinux_2_28_x86_64.whl", hash = "sha256:aa7e402ce11f0885305bfb6afb3434b3cd8f53b563ac065452d9d5654c7b86fd"},
    {file = "pillow-10.3.0-cp38-cp38-musllinux_1_1_aarch64.whl", hash = "sha256:0ea2a783a2bdf2a561808fe4a7a12e9aa3799b701ba305de596bc48b8bdfce9d"},
    {file = "pillow-10.3.0-cp38-cp38-musllinux_1_1_x86_64.whl", hash = "sha256:c78e1b00a87ce43bb37642c0812315b411e856a905d58d597750eb79802aaaa3"},
    {file = "pillow-10.3.0-cp38-cp38-win32.whl", hash = "sha256:72d622d262e463dfb7595202d229f5f3ab4b852289a1cd09650362db23b9eb0b"},
    {file = "pillow-10.3.0-cp38-cp38-win_amd64.whl", hash = "sha256:2034f6759a722da3a3dbd91a81148cf884e91d1b747992ca288ab88c1de15999"},
    {file = "pillow-10.3.0-cp39-cp39-macosx_10_10_x86_64.whl", hash = "sha256:2ed854e716a89b1afcedea551cd85f2eb2a807613752ab997b9974aaa0d56936"},
    {file = "pillow-10.3.0-cp39-cp39-macosx_11_0_arm64.whl", hash = "sha256:dc1a390a82755a8c26c9964d457d4c9cbec5405896cba94cf51f36ea0d855002"},
    {file = "pillow-10.3.0-cp39-cp39-manylinux_2_17_aarch64.manylinux2014_aarch64.whl", hash = "sha256:4203efca580f0dd6f882ca211f923168548f7ba334c189e9eab1178ab840bf60"},
    {file = "pillow-10.3.0-cp39-cp39-manylinux_2_17_x86_64.manylinux2014_x86_64.whl", hash = "sha256:3102045a10945173d38336f6e71a8dc71bcaeed55c3123ad4af82c52807b9375"},
    {file = "pillow-10.3.0-cp39-cp39-manylinux_2_28_aarch64.whl", hash = "sha256:6fb1b30043271ec92dc65f6d9f0b7a830c210b8a96423074b15c7bc999975f57"},
    {file = "pillow-10.3.0-cp39-cp39-manylinux_2_28_x86_64.whl", hash = "sha256:1dfc94946bc60ea375cc39cff0b8da6c7e5f8fcdc1d946beb8da5c216156ddd8"},
    {file = "pillow-10.3.0-cp39-cp39-musllinux_1_1_aarch64.whl", hash = "sha256:b09b86b27a064c9624d0a6c54da01c1beaf5b6cadfa609cf63789b1d08a797b9"},
    {file = "pillow-10.3.0-cp39-cp39-musllinux_1_1_x86_64.whl", hash = "sha256:d3b2348a78bc939b4fed6552abfd2e7988e0f81443ef3911a4b8498ca084f6eb"},
    {file = "pillow-10.3.0-cp39-cp39-win32.whl", hash = "sha256:45ebc7b45406febf07fef35d856f0293a92e7417ae7933207e90bf9090b70572"},
    {file = "pillow-10.3.0-cp39-cp39-win_amd64.whl", hash = "sha256:0ba26351b137ca4e0db0342d5d00d2e355eb29372c05afd544ebf47c0956ffeb"},
    {file = "pillow-10.3.0-cp39-cp39-win_arm64.whl", hash = "sha256:50fd3f6b26e3441ae07b7c979309638b72abc1a25da31a81a7fbd9495713ef4f"},
    {file = "pillow-10.3.0-pp310-pypy310_pp73-macosx_10_10_x86_64.whl", hash = "sha256:6b02471b72526ab8a18c39cb7967b72d194ec53c1fd0a70b050565a0f366d355"},
    {file = "pillow-10.3.0-pp310-pypy310_pp73-macosx_11_0_arm64.whl", hash = "sha256:8ab74c06ffdab957d7670c2a5a6e1a70181cd10b727cd788c4dd9005b6a8acd9"},
    {file = "pillow-10.3.0-pp310-pypy310_pp73-manylinux_2_17_aarch64.manylinux2014_aarch64.whl", hash = "sha256:048eeade4c33fdf7e08da40ef402e748df113fd0b4584e32c4af74fe78baaeb2"},
    {file = "pillow-10.3.0-pp310-pypy310_pp73-manylinux_2_17_x86_64.manylinux2014_x86_64.whl", hash = "sha256:9e2ec1e921fd07c7cda7962bad283acc2f2a9ccc1b971ee4b216b75fad6f0463"},
    {file = "pillow-10.3.0-pp310-pypy310_pp73-manylinux_2_28_aarch64.whl", hash = "sha256:4c8e73e99da7db1b4cad7f8d682cf6abad7844da39834c288fbfa394a47bbced"},
    {file = "pillow-10.3.0-pp310-pypy310_pp73-manylinux_2_28_x86_64.whl", hash = "sha256:16563993329b79513f59142a6b02055e10514c1a8e86dca8b48a893e33cf91e3"},
    {file = "pillow-10.3.0-pp310-pypy310_pp73-win_amd64.whl", hash = "sha256:dd78700f5788ae180b5ee8902c6aea5a5726bac7c364b202b4b3e3ba2d293170"},
    {file = "pillow-10.3.0-pp39-pypy39_pp73-macosx_10_10_x86_64.whl", hash = "sha256:aff76a55a8aa8364d25400a210a65ff59d0168e0b4285ba6bf2bd83cf675ba32"},
    {file = "pillow-10.3.0-pp39-pypy39_pp73-macosx_11_0_arm64.whl", hash = "sha256:b7bc2176354defba3edc2b9a777744462da2f8e921fbaf61e52acb95bafa9828"},
    {file = "pillow-10.3.0-pp39-pypy39_pp73-manylinux_2_17_aarch64.manylinux2014_aarch64.whl", hash = "sha256:793b4e24db2e8742ca6423d3fde8396db336698c55cd34b660663ee9e45ed37f"},
    {file = "pillow-10.3.0-pp39-pypy39_pp73-manylinux_2_17_x86_64.manylinux2014_x86_64.whl", hash = "sha256:d93480005693d247f8346bc8ee28c72a2191bdf1f6b5db469c096c0c867ac015"},
    {file = "pillow-10.3.0-pp39-pypy39_pp73-manylinux_2_28_aarch64.whl", hash = "sha256:c83341b89884e2b2e55886e8fbbf37c3fa5efd6c8907124aeb72f285ae5696e5"},
    {file = "pillow-10.3.0-pp39-pypy39_pp73-manylinux_2_28_x86_64.whl", hash = "sha256:1a1d1915db1a4fdb2754b9de292642a39a7fb28f1736699527bb649484fb966a"},
    {file = "pillow-10.3.0-pp39-pypy39_pp73-win_amd64.whl", hash = "sha256:a0eaa93d054751ee9964afa21c06247779b90440ca41d184aeb5d410f20ff591"},
    {file = "pillow-10.3.0.tar.gz", hash = "sha256:9d2455fbf44c914840c793e89aa82d0e1763a14253a000743719ae5946814b2d"},
]

[package.extras]
docs = ["furo", "olefile", "sphinx (>=2.4)", "sphinx-copybutton", "sphinx-inline-tabs", "sphinx-removed-in", "sphinxext-opengraph"]
fpx = ["olefile"]
mic = ["olefile"]
tests = ["check-manifest", "coverage", "defusedxml", "markdown2", "olefile", "packaging", "pyroma", "pytest", "pytest-cov", "pytest-timeout"]
typing = ["typing-extensions"]
xmp = ["defusedxml"]

[[package]]
name = "pyftdi"
version = "0.55.4"
description = "FTDI device driver (pure Python)"
optional = false
python-versions = ">=3.8"
files = [
    {file = "pyftdi-0.55.4-py3-none-any.whl", hash = "sha256:64a804ea1c652e6935897df7867dbba18910848cad0a4927ccdb06813c072c85"},
    {file = "pyftdi-0.55.4.tar.gz", hash = "sha256:cb2770b606507024a65e0a520bf892f239a36cec25cab45338ce3e3027de53c8"},
]

[package.dependencies]
pyserial = ">=3.0"
pyusb = ">=1.0.0,<1.2.0 || >1.2.0"

[[package]]
name = "pyserial"
version = "3.5"
description = "Python Serial Port Extension"
optional = false
python-versions = "*"
files = [
    {file = "pyserial-3.5-py2.py3-none-any.whl", hash = "sha256:c4451db6ba391ca6ca299fb3ec7bae67a5c55dde170964c7a14ceefec02f2cf0"},
    {file = "pyserial-3.5.tar.gz", hash = "sha256:3c77e014170dfffbd816e6ffc205e9842efb10be9f58ec16d3e8675b4925cddb"},
]

[package.extras]
cp2110 = ["hidapi"]

[[package]]
name = "pyusb"
version = "1.2.1"
description = "Python USB access module"
optional = false
python-versions = ">=3.6.0"
files = [
    {file = "pyusb-1.2.1-py3-none-any.whl", hash = "sha256:2b4c7cb86dbadf044dfb9d3a4ff69fd217013dbe78a792177a3feb172449ea36"},
    {file = "pyusb-1.2.1.tar.gz", hash = "sha256:a4cc7404a203144754164b8b40994e2849fde1cfff06b08492f12fff9d9de7b9"},
]

[[package]]
name = "rpi-gpio"
version = "0.7.1"
description = "A module to control Raspberry Pi GPIO channels"
optional = false
python-versions = "*"
files = [
    {file = "RPi.GPIO-0.7.1-cp27-cp27mu-linux_armv6l.whl", hash = "sha256:b86b66dc02faa5461b443a1e1f0c1d209d64ab5229696f32fb3b0215e0600c8c"},
    {file = "RPi.GPIO-0.7.1-cp310-cp310-linux_armv6l.whl", hash = "sha256:57b6c044ef5375a78c8dda27cdfadf329e76aa6943cd6cffbbbd345a9adf9ca5"},
    {file = "RPi.GPIO-0.7.1-cp37-cp37m-linux_armv6l.whl", hash = "sha256:77afb817b81331ce3049a4b8f94a85e41b7c404d8e56b61ac0f1eb75c3120868"},
    {file = "RPi.GPIO-0.7.1-cp38-cp38-linux_armv6l.whl", hash = "sha256:29226823da8b5ccb9001d795a944f2e00924eeae583490f0bc7317581172c624"},
    {file = "RPi.GPIO-0.7.1-cp39-cp39-linux_armv6l.whl", hash = "sha256:15311d3b063b71dee738cd26570effc9985a952454d162937c34e08c0fc99902"},
    {file = "RPi.GPIO-0.7.1.tar.gz", hash = "sha256:cd61c4b03c37b62bba4a5acfea9862749c33c618e0295e7e90aa4713fb373b70"},
]

[[package]]
name = "rpi-ws281x"
version = "5.0.0"
description = "Userspace Raspberry Pi PWM/PCM/SPI library for SK6812 and WS281X LEDs."
optional = false
python-versions = ">=3.6"
files = [
    {file = "rpi_ws281x-5.0.0.tar.gz", hash = "sha256:00ce6db771436b778d0930245cf8ea2aae11008cc5fd67d57789c5422af3ee55"},
]

[[package]]
name = "smbus"
version = "1.1.post2"
description = "Python bindings for Linux SMBus access through i2c-dev"
optional = false
python-versions = "*"
files = [
    {file = "smbus-1.1.post2-cp27-cp27mu-linux_armv7l.whl", hash = "sha256:529f9effc383b6381534d1d845eaf1078bdd2d4e625c945b23cf274d5cf1c306"},
    {file = "smbus-1.1.post2-cp34-cp34m-linux_armv7l.whl", hash = "sha256:39923448455a41c6bbe823de62b191103dd711917056362d9e4b1d2c6ec0f06d"},
    {file = "smbus-1.1.post2-cp35-cp35m-linux_armv7l.whl", hash = "sha256:b467235734ae5c147c4ec0eff1afb9dba189d9d3cc086ed7e0d3dbf0ae485230"},
    {file = "smbus-1.1.post2.tar.gz", hash = "sha256:f96d345e0aa10053a8a4917634f1dc37ba1f656fa5cace7629b71777e90855c6"},
]

[[package]]
name = "smbus2"
version = "0.4.3"
description = "smbus2 is a drop-in replacement for smbus-cffi/smbus-python in pure Python"
optional = false
python-versions = "*"
files = [
    {file = "smbus2-0.4.3-py2.py3-none-any.whl", hash = "sha256:a2fc29cfda4081ead2ed61ef2c4fc041d71dd40a8d917e85216f44786fca2d1d"},
    {file = "smbus2-0.4.3.tar.gz", hash = "sha256:36f2288a8e1a363cb7a7b2244ec98d880eb5a728a2494ac9c71e9de7bf6a803a"},
]

[package.extras]
docs = ["sphinx (>=1.5.3)"]
qa = ["flake8"]
test = ["mock", "nose"]

[[package]]
name = "spidev"
version = "3.6"
description = "Python bindings for Linux SPI access through spidev"
optional = false
python-versions = "*"
files = [
    {file = "spidev-3.6-cp39-cp39-linux_armv7l.whl", hash = "sha256:280abc00a1ef7780ef62c3f294f52a2527b6c47d8c269fea98664970bcaf6da5"},
    {file = "spidev-3.6.tar.gz", hash = "sha256:14dbc37594a4aaef85403ab617985d3c3ef464d62bc9b769ef552db53701115b"},
]

[[package]]
name = "typing-extensions"
version = "4.11.0"
description = "Backported and Experimental Type Hints for Python 3.8+"
optional = false
python-versions = ">=3.8"
files = [
    {file = "typing_extensions-4.11.0-py3-none-any.whl", hash = "sha256:c1f94d72897edaf4ce775bb7558d5b79d8126906a14ea5ed1635921406c0387a"},
    {file = "typing_extensions-4.11.0.tar.gz", hash = "sha256:83f085bd5ca59c80295fc2a82ab5dac679cbe02b9f33f7d83af68e241bea51b0"},
]

[metadata]
lock-version = "2.0"
python-versions = "~3.9"
content-hash = "1f6f6405e7e71e72fe1bd6892905c374c04afd0bf0562add1530d2ef1292b55b"
